
Microsoft Visual Studio Solution File, Format Version 12.00
# Visual Studio Version 17
VisualStudioVersion = 17.5.33516.290
MinimumVisualStudioVersion = 10.0.40219.1
Project("{FAE04EC0-301F-11D3-BF4B-00C04F79EFBC}") = "SayHelloToYou_2", "SayHelloToYou_2\SayHelloToYou_2.csproj", "{F18F5CB1-C2D6-4B74-8154-5270F61A73D8}"
EndProject
Global
	GlobalSection(SolutionConfigurationPlatforms) = preSolution
		Debug|Any CPU = Debug|Any CPU
		Release|Any CPU = Release|Any CPU
	EndGlobalSection
	GlobalSection(ProjectConfigurationPlatforms) = postSolution
		{F18F5CB1-C2D6-4B74-8154-5270F61A73D8}.Debug|Any CPU.ActiveCfg = Debug|Any CPU
		{F18F5CB1-C2D6-4B74-8154-5270F61A73D8}.Debug|Any CPU.Build.0 = Debug|Any CPU
		{F18F5CB1-C2D6-4B74-8154-5270F61A73D8}.Release|Any CPU.ActiveCfg = Release|Any CPU
		{F18F5CB1-C2D6-4B74-8154-5270F61A73D8}.Release|Any CPU.Build.0 = Release|Any CPU
	EndGlobalSection
	GlobalSection(SolutionProperties) = preSolution
		HideSolutionNode = FALSE
	EndGlobalSection
	GlobalSection(ExtensibilityGlobals) = postSolution
		SolutionGuid = {FC6F9ED7-FD6A-4472-8E68-C35B4CF69352}
	EndGlobalSection
EndGlobal
