
Microsoft Visual Studio Solution File, Format Version 12.00
# Visual Studio Version 17
VisualStudioVersion = 17.5.33516.290
MinimumVisualStudioVersion = 10.0.40219.1
Project("{FAE04EC0-301F-11D3-BF4B-00C04F79EFBC}") = "Random_number_game", "Random_number_game\Random_number_game.csproj", "{CD0EEAE6-2412-4EC7-8133-1A9C51C99F32}"
EndProject
Global
	GlobalSection(SolutionConfigurationPlatforms) = preSolution
		Debug|Any CPU = Debug|Any CPU
		Release|Any CPU = Release|Any CPU
	EndGlobalSection
	GlobalSection(ProjectConfigurationPlatforms) = postSolution
		{CD0EEAE6-2412-4EC7-8133-1A9C51C99F32}.Debug|Any CPU.ActiveCfg = Debug|Any CPU
		{CD0EEAE6-2412-4EC7-8133-1A9C51C99F32}.Debug|Any CPU.Build.0 = Debug|Any CPU
		{CD0EEAE6-2412-4EC7-8133-1A9C51C99F32}.Release|Any CPU.ActiveCfg = Release|Any CPU
		{CD0EEAE6-2412-4EC7-8133-1A9C51C99F32}.Release|Any CPU.Build.0 = Release|Any CPU
	EndGlobalSection
	GlobalSection(SolutionProperties) = preSolution
		HideSolutionNode = FALSE
	EndGlobalSection
	GlobalSection(ExtensibilityGlobals) = postSolution
		SolutionGuid = {4091DC17-3905-49C5-9931-5E6E97E719A8}
	EndGlobalSection
EndGlobal
