
Microsoft Visual Studio Solution File, Format Version 12.00
# Visual Studio Version 17
VisualStudioVersion = 17.5.33516.290
MinimumVisualStudioVersion = 10.0.40219.1
Project("{FAE04EC0-301F-11D3-BF4B-00C04F79EFBC}") = "FizzBuzzGame", "FizzBuzzGame\FizzBuzzGame.csproj", "{AFC8CAD1-14A8-4069-AFE7-58746465DF7B}"
EndProject
Global
	GlobalSection(SolutionConfigurationPlatforms) = preSolution
		Debug|Any CPU = Debug|Any CPU
		Release|Any CPU = Release|Any CPU
	EndGlobalSection
	GlobalSection(ProjectConfigurationPlatforms) = postSolution
		{AFC8CAD1-14A8-4069-AFE7-58746465DF7B}.Debug|Any CPU.ActiveCfg = Debug|Any CPU
		{AFC8CAD1-14A8-4069-AFE7-58746465DF7B}.Debug|Any CPU.Build.0 = Debug|Any CPU
		{AFC8CAD1-14A8-4069-AFE7-58746465DF7B}.Release|Any CPU.ActiveCfg = Release|Any CPU
		{AFC8CAD1-14A8-4069-AFE7-58746465DF7B}.Release|Any CPU.Build.0 = Release|Any CPU
	EndGlobalSection
	GlobalSection(SolutionProperties) = preSolution
		HideSolutionNode = FALSE
	EndGlobalSection
	GlobalSection(ExtensibilityGlobals) = postSolution
		SolutionGuid = {A1E18C1B-C3AF-40B2-96AF-A0DA1839823D}
	EndGlobalSection
EndGlobal
