
Microsoft Visual Studio Solution File, Format Version 12.00
# Visual Studio Version 17
VisualStudioVersion = 17.5.33516.290
MinimumVisualStudioVersion = 10.0.40219.1
Project("{FAE04EC0-301F-11D3-BF4B-00C04F79EFBC}") = "Even_odd_number", "Even_odd_number\Even_odd_number.csproj", "{7551BBE2-214B-4466-99C8-C23388011E03}"
EndProject
Global
	GlobalSection(SolutionConfigurationPlatforms) = preSolution
		Debug|Any CPU = Debug|Any CPU
		Release|Any CPU = Release|Any CPU
	EndGlobalSection
	GlobalSection(ProjectConfigurationPlatforms) = postSolution
		{7551BBE2-214B-4466-99C8-C23388011E03}.Debug|Any CPU.ActiveCfg = Debug|Any CPU
		{7551BBE2-214B-4466-99C8-C23388011E03}.Debug|Any CPU.Build.0 = Debug|Any CPU
		{7551BBE2-214B-4466-99C8-C23388011E03}.Release|Any CPU.ActiveCfg = Release|Any CPU
		{7551BBE2-214B-4466-99C8-C23388011E03}.Release|Any CPU.Build.0 = Release|Any CPU
	EndGlobalSection
	GlobalSection(SolutionProperties) = preSolution
		HideSolutionNode = FALSE
	EndGlobalSection
	GlobalSection(ExtensibilityGlobals) = postSolution
		SolutionGuid = {ED294C02-698C-4467-B692-14CA67330269}
	EndGlobalSection
EndGlobal
